
Microsoft Visual Studio Solution File, Format Version 12.00
# Visual Studio Version 17
VisualStudioVersion = 17.0.32014.148
MinimumVisualStudioVersion = 10.0.40219.1
Project("{FAE04EC0-301F-11D3-BF4B-00C04F79EFBC}") = "XlsExport.Api", "XlsExport.Api.csproj", "{95F65C0D-9ADF-4788-B0F4-8BD256EECAE2}"
EndProject
Global
	GlobalSection(SolutionConfigurationPlatforms) = preSolution
		Debug|Any CPU = Debug|Any CPU
		Release|Any CPU = Release|Any CPU
	EndGlobalSection
	GlobalSection(ProjectConfigurationPlatforms) = postSolution
		{95F65C0D-9ADF-4788-B0F4-8BD256EECAE2}.Debug|Any CPU.ActiveCfg = Debug|Any CPU
		{95F65C0D-9ADF-4788-B0F4-8BD256EECAE2}.Debug|Any CPU.Build.0 = Debug|Any CPU
		{95F65C0D-9ADF-4788-B0F4-8BD256EECAE2}.Release|Any CPU.ActiveCfg = Release|Any CPU
		{95F65C0D-9ADF-4788-B0F4-8BD256EECAE2}.Release|Any CPU.Build.0 = Release|Any CPU
	EndGlobalSection
	GlobalSection(SolutionProperties) = preSolution
		HideSolutionNode = FALSE
	EndGlobalSection
	GlobalSection(ExtensibilityGlobals) = postSolution
		SolutionGuid = {12C1D1B0-0DA3-4A92-8490-7744D06E277D}
	EndGlobalSection
EndGlobal
